
Microsoft Visual Studio Solution File, Format Version 12.00
# Visual Studio Version 17
VisualStudioVersion = 17.8.34525.116
MinimumVisualStudioVersion = 10.0.40219.1
Project("{9A19103F-16F7-4668-BE54-9A1E7A4F7556}") = "khumaloCrafts", "khumaloCrafts\khumaloCrafts.csproj", "{F13FBF20-7725-4B0A-8546-DAC558772EB5}"
EndProject
Project("{2150E333-8FDC-42A3-9474-1A3956D46DE8}") = "Solution Items", "Solution Items", "{FBF27F4F-1D54-4C78-B9BF-DF4AEB9066CC}"
EndProject
Global
	GlobalSection(SolutionConfigurationPlatforms) = preSolution
		Debug|Any CPU = Debug|Any CPU
		Release|Any CPU = Release|Any CPU
	EndGlobalSection
	GlobalSection(ProjectConfigurationPlatforms) = postSolution
		{F13FBF20-7725-4B0A-8546-DAC558772EB5}.Debug|Any CPU.ActiveCfg = Debug|Any CPU
		{F13FBF20-7725-4B0A-8546-DAC558772EB5}.Debug|Any CPU.Build.0 = Debug|Any CPU
		{F13FBF20-7725-4B0A-8546-DAC558772EB5}.Release|Any CPU.ActiveCfg = Release|Any CPU
		{F13FBF20-7725-4B0A-8546-DAC558772EB5}.Release|Any CPU.Build.0 = Release|Any CPU
	EndGlobalSection
	GlobalSection(SolutionProperties) = preSolution
		HideSolutionNode = FALSE
	EndGlobalSection
	GlobalSection(ExtensibilityGlobals) = postSolution
		SolutionGuid = {79B88B8B-E572-427E-AD95-E792ED338EE8}
	EndGlobalSection
EndGlobal
